
Microsoft Visual Studio Solution File, Format Version 12.00
# Visual Studio Version 17
VisualStudioVersion = 17.14.36414.22
MinimumVisualStudioVersion = 10.0.40219.1
Project("{FAE04EC0-301F-11D3-BF4B-00C04F79EFBC}") = "Cansat Dashboard.AppHost", "Cansat Dashboard.AppHost\Cansat Dashboard.AppHost.csproj", "{D48A4C68-25ED-45C6-BE2B-2DC5B7D16A86}"
EndProject
Project("{FAE04EC0-301F-11D3-BF4B-00C04F79EFBC}") = "Cansat Dashboard.ServiceDefaults", "Cansat Dashboard.ServiceDefaults\Cansat Dashboard.ServiceDefaults.csproj", "{16D56321-98A7-5853-52C7-4B39D4CB11AB}"
EndProject
Project("{FAE04EC0-301F-11D3-BF4B-00C04F79EFBC}") = "Cansat Dashboard.ApiService", "Cansat Dashboard.ApiService\Cansat Dashboard.ApiService.csproj", "{3F42F954-AAB9-3992-6D8D-6AE3754D06EF}"
EndProject
Project("{FAE04EC0-301F-11D3-BF4B-00C04F79EFBC}") = "Cansat Dashboard.Web", "Cansat Dashboard.Web\Cansat Dashboard.Web.csproj", "{681D1804-B956-17A0-1076-CDB6B5F0C81B}"
EndProject
Project("{FAE04EC0-301F-11D3-BF4B-00C04F79EFBC}") = "Cansat Dashboard.Shared", "Cansat Dashboard.Shared\Cansat Dashboard.Shared.csproj", "{E7859A12-EFB6-4725-BE4A-F86BF03493AD}"
EndProject
Global
	GlobalSection(SolutionConfigurationPlatforms) = preSolution
		Debug|Any CPU = Debug|Any CPU
		Debug|x64 = Debug|x64
		Debug|x86 = Debug|x86
		Release|Any CPU = Release|Any CPU
		Release|x64 = Release|x64
		Release|x86 = Release|x86
	EndGlobalSection
	GlobalSection(ProjectConfigurationPlatforms) = postSolution
		{D48A4C68-25ED-45C6-BE2B-2DC5B7D16A86}.Debug|Any CPU.ActiveCfg = Debug|Any CPU
		{D48A4C68-25ED-45C6-BE2B-2DC5B7D16A86}.Debug|Any CPU.Build.0 = Debug|Any CPU
		{D48A4C68-25ED-45C6-BE2B-2DC5B7D16A86}.Debug|x64.ActiveCfg = Debug|Any CPU
		{D48A4C68-25ED-45C6-BE2B-2DC5B7D16A86}.Debug|x64.Build.0 = Debug|Any CPU
		{D48A4C68-25ED-45C6-BE2B-2DC5B7D16A86}.Debug|x86.ActiveCfg = Debug|Any CPU
		{D48A4C68-25ED-45C6-BE2B-2DC5B7D16A86}.Debug|x86.Build.0 = Debug|Any CPU
		{D48A4C68-25ED-45C6-BE2B-2DC5B7D16A86}.Release|Any CPU.ActiveCfg = Release|Any CPU
		{D48A4C68-25ED-45C6-BE2B-2DC5B7D16A86}.Release|Any CPU.Build.0 = Release|Any CPU
		{D48A4C68-25ED-45C6-BE2B-2DC5B7D16A86}.Release|x64.ActiveCfg = Release|Any CPU
		{D48A4C68-25ED-45C6-BE2B-2DC5B7D16A86}.Release|x64.Build.0 = Release|Any CPU
		{D48A4C68-25ED-45C6-BE2B-2DC5B7D16A86}.Release|x86.ActiveCfg = Release|Any CPU
		{D48A4C68-25ED-45C6-BE2B-2DC5B7D16A86}.Release|x86.Build.0 = Release|Any CPU
		{16D56321-98A7-5853-52C7-4B39D4CB11AB}.Debug|Any CPU.ActiveCfg = Debug|Any CPU
		{16D56321-98A7-5853-52C7-4B39D4CB11AB}.Debug|Any CPU.Build.0 = Debug|Any CPU
		{16D56321-98A7-5853-52C7-4B39D4CB11AB}.Debug|x64.ActiveCfg = Debug|Any CPU
		{16D56321-98A7-5853-52C7-4B39D4CB11AB}.Debug|x64.Build.0 = Debug|Any CPU
		{16D56321-98A7-5853-52C7-4B39D4CB11AB}.Debug|x86.ActiveCfg = Debug|Any CPU
		{16D56321-98A7-5853-52C7-4B39D4CB11AB}.Debug|x86.Build.0 = Debug|Any CPU
		{16D56321-98A7-5853-52C7-4B39D4CB11AB}.Release|Any CPU.ActiveCfg = Release|Any CPU
		{16D56321-98A7-5853-52C7-4B39D4CB11AB}.Release|Any CPU.Build.0 = Release|Any CPU
		{16D56321-98A7-5853-52C7-4B39D4CB11AB}.Release|x64.ActiveCfg = Release|Any CPU
		{16D56321-98A7-5853-52C7-4B39D4CB11AB}.Release|x64.Build.0 = Release|Any CPU
		{16D56321-98A7-5853-52C7-4B39D4CB11AB}.Release|x86.ActiveCfg = Release|Any CPU
		{16D56321-98A7-5853-52C7-4B39D4CB11AB}.Release|x86.Build.0 = Release|Any CPU
		{3F42F954-AAB9-3992-6D8D-6AE3754D06EF}.Debug|Any CPU.ActiveCfg = Debug|Any CPU
		{3F42F954-AAB9-3992-6D8D-6AE3754D06EF}.Debug|Any CPU.Build.0 = Debug|Any CPU
		{3F42F954-AAB9-3992-6D8D-6AE3754D06EF}.Debug|x64.ActiveCfg = Debug|Any CPU
		{3F42F954-AAB9-3992-6D8D-6AE3754D06EF}.Debug|x64.Build.0 = Debug|Any CPU
		{3F42F954-AAB9-3992-6D8D-6AE3754D06EF}.Debug|x86.ActiveCfg = Debug|Any CPU
		{3F42F954-AAB9-3992-6D8D-6AE3754D06EF}.Debug|x86.Build.0 = Debug|Any CPU
		{3F42F954-AAB9-3992-6D8D-6AE3754D06EF}.Release|Any CPU.ActiveCfg = Release|Any CPU
		{3F42F954-AAB9-3992-6D8D-6AE3754D06EF}.Release|Any CPU.Build.0 = Release|Any CPU
		{3F42F954-AAB9-3992-6D8D-6AE3754D06EF}.Release|x64.ActiveCfg = Release|Any CPU
		{3F42F954-AAB9-3992-6D8D-6AE3754D06EF}.Release|x64.Build.0 = Release|Any CPU
		{3F42F954-AAB9-3992-6D8D-6AE3754D06EF}.Release|x86.ActiveCfg = Release|Any CPU
		{3F42F954-AAB9-3992-6D8D-6AE3754D06EF}.Release|x86.Build.0 = Release|Any CPU
		{681D1804-B956-17A0-1076-CDB6B5F0C81B}.Debug|Any CPU.ActiveCfg = Debug|Any CPU
		{681D1804-B956-17A0-1076-CDB6B5F0C81B}.Debug|Any CPU.Build.0 = Debug|Any CPU
		{681D1804-B956-17A0-1076-CDB6B5F0C81B}.Debug|x64.ActiveCfg = Debug|Any CPU
		{681D1804-B956-17A0-1076-CDB6B5F0C81B}.Debug|x64.Build.0 = Debug|Any CPU
		{681D1804-B956-17A0-1076-CDB6B5F0C81B}.Debug|x86.ActiveCfg = Debug|Any CPU
		{681D1804-B956-17A0-1076-CDB6B5F0C81B}.Debug|x86.Build.0 = Debug|Any CPU
		{681D1804-B956-17A0-1076-CDB6B5F0C81B}.Release|Any CPU.ActiveCfg = Release|Any CPU
		{681D1804-B956-17A0-1076-CDB6B5F0C81B}.Release|Any CPU.Build.0 = Release|Any CPU
		{681D1804-B956-17A0-1076-CDB6B5F0C81B}.Release|x64.ActiveCfg = Release|Any CPU
		{681D1804-B956-17A0-1076-CDB6B5F0C81B}.Release|x64.Build.0 = Release|Any CPU
		{681D1804-B956-17A0-1076-CDB6B5F0C81B}.Release|x86.ActiveCfg = Release|Any CPU
		{681D1804-B956-17A0-1076-CDB6B5F0C81B}.Release|x86.Build.0 = Release|Any CPU
		{E7859A12-EFB6-4725-BE4A-F86BF03493AD}.Debug|Any CPU.ActiveCfg = Debug|Any CPU
		{E7859A12-EFB6-4725-BE4A-F86BF03493AD}.Debug|Any CPU.Build.0 = Debug|Any CPU
		{E7859A12-EFB6-4725-BE4A-F86BF03493AD}.Debug|x64.ActiveCfg = Debug|Any CPU
		{E7859A12-EFB6-4725-BE4A-F86BF03493AD}.Debug|x64.Build.0 = Debug|Any CPU
		{E7859A12-EFB6-4725-BE4A-F86BF03493AD}.Debug|x86.ActiveCfg = Debug|Any CPU
		{E7859A12-EFB6-4725-BE4A-F86BF03493AD}.Debug|x86.Build.0 = Debug|Any CPU
		{E7859A12-EFB6-4725-BE4A-F86BF03493AD}.Release|Any CPU.ActiveCfg = Release|Any CPU
		{E7859A12-EFB6-4725-BE4A-F86BF03493AD}.Release|Any CPU.Build.0 = Release|Any CPU
		{E7859A12-EFB6-4725-BE4A-F86BF03493AD}.Release|x64.ActiveCfg = Release|Any CPU
		{E7859A12-EFB6-4725-BE4A-F86BF03493AD}.Release|x64.Build.0 = Release|Any CPU
		{E7859A12-EFB6-4725-BE4A-F86BF03493AD}.Release|x86.ActiveCfg = Release|Any CPU
		{E7859A12-EFB6-4725-BE4A-F86BF03493AD}.Release|x86.Build.0 = Release|Any CPU
	EndGlobalSection
	GlobalSection(SolutionProperties) = preSolution
		HideSolutionNode = FALSE
	EndGlobalSection
	GlobalSection(ExtensibilityGlobals) = postSolution
		SolutionGuid = {2D361C84-05F0-4D8A-9CB8-1AEA18FC3F4B}
	EndGlobalSection
EndGlobal
